
Microsoft Visual Studio Solution File, Format Version 12.00
# Visual Studio Version 16
VisualStudioVersion = 16.0.30711.63
MinimumVisualStudioVersion = 10.0.40219.1
Project("{FAE04EC0-301F-11D3-BF4B-00C04F79EFBC}") = "ProyectoMuebles", "ProyectoMuebles.csproj", "{8499F360-FC98-43A1-87C4-F7BC6D754D70}"
EndProject
Project("{FAE04EC0-301F-11D3-BF4B-00C04F79EFBC}") = "TiketProyctoMuebles", "TiketProyctoMuebles\TiketProyctoMuebles.csproj", "{B02D5F61-6222-4C4A-BD81-D0EB5CA16B6E}"
EndProject
Project("{2150E333-8FDC-42A3-9474-1A3956D46DE8}") = "Tiket", "Tiket", "{4CA48F50-DAFE-4942-B715-3E30F72B5548}"
EndProject
Project("{2150E333-8FDC-42A3-9474-1A3956D46DE8}") = "NewFolder1", "NewFolder1", "{DD0BDEA0-723F-40E2-A106-9C4AF185636C}"
EndProject
Project("{2150E333-8FDC-42A3-9474-1A3956D46DE8}") = "Carpeta Enlase de datos", "Carpeta Enlase de datos", "{9A7F06A4-3B1B-4C94-A04C-B32BFF01169F}"
EndProject
Global
	GlobalSection(SolutionConfigurationPlatforms) = preSolution
		Debug|Any CPU = Debug|Any CPU
		Debug|ARM = Debug|ARM
		Debug|ARM64 = Debug|ARM64
		Debug|x64 = Debug|x64
		Debug|x86 = Debug|x86
		Release|Any CPU = Release|Any CPU
		Release|ARM = Release|ARM
		Release|ARM64 = Release|ARM64
		Release|x64 = Release|x64
		Release|x86 = Release|x86
	EndGlobalSection
	GlobalSection(ProjectConfigurationPlatforms) = postSolution
		{8499F360-FC98-43A1-87C4-F7BC6D754D70}.Debug|Any CPU.ActiveCfg = Debug|Any CPU
		{8499F360-FC98-43A1-87C4-F7BC6D754D70}.Debug|Any CPU.Build.0 = Debug|Any CPU
		{8499F360-FC98-43A1-87C4-F7BC6D754D70}.Debug|ARM.ActiveCfg = Debug|Any CPU
		{8499F360-FC98-43A1-87C4-F7BC6D754D70}.Debug|ARM.Build.0 = Debug|Any CPU
		{8499F360-FC98-43A1-87C4-F7BC6D754D70}.Debug|ARM64.ActiveCfg = Debug|Any CPU
		{8499F360-FC98-43A1-87C4-F7BC6D754D70}.Debug|ARM64.Build.0 = Debug|Any CPU
		{8499F360-FC98-43A1-87C4-F7BC6D754D70}.Debug|x64.ActiveCfg = Debug|Any CPU
		{8499F360-FC98-43A1-87C4-F7BC6D754D70}.Debug|x64.Build.0 = Debug|Any CPU
		{8499F360-FC98-43A1-87C4-F7BC6D754D70}.Debug|x86.ActiveCfg = Debug|Any CPU
		{8499F360-FC98-43A1-87C4-F7BC6D754D70}.Debug|x86.Build.0 = Debug|Any CPU
		{8499F360-FC98-43A1-87C4-F7BC6D754D70}.Release|Any CPU.ActiveCfg = Release|Any CPU
		{8499F360-FC98-43A1-87C4-F7BC6D754D70}.Release|Any CPU.Build.0 = Release|Any CPU
		{8499F360-FC98-43A1-87C4-F7BC6D754D70}.Release|ARM.ActiveCfg = Release|Any CPU
		{8499F360-FC98-43A1-87C4-F7BC6D754D70}.Release|ARM.Build.0 = Release|Any CPU
		{8499F360-FC98-43A1-87C4-F7BC6D754D70}.Release|ARM64.ActiveCfg = Release|Any CPU
		{8499F360-FC98-43A1-87C4-F7BC6D754D70}.Release|ARM64.Build.0 = Release|Any CPU
		{8499F360-FC98-43A1-87C4-F7BC6D754D70}.Release|x64.ActiveCfg = Release|Any CPU
		{8499F360-FC98-43A1-87C4-F7BC6D754D70}.Release|x64.Build.0 = Release|Any CPU
		{8499F360-FC98-43A1-87C4-F7BC6D754D70}.Release|x86.ActiveCfg = Release|Any CPU
		{8499F360-FC98-43A1-87C4-F7BC6D754D70}.Release|x86.Build.0 = Release|Any CPU
		{B02D5F61-6222-4C4A-BD81-D0EB5CA16B6E}.Debug|Any CPU.ActiveCfg = Debug|Any CPU
		{B02D5F61-6222-4C4A-BD81-D0EB5CA16B6E}.Debug|Any CPU.Build.0 = Debug|Any CPU
		{B02D5F61-6222-4C4A-BD81-D0EB5CA16B6E}.Debug|ARM.ActiveCfg = Debug|Any CPU
		{B02D5F61-6222-4C4A-BD81-D0EB5CA16B6E}.Debug|ARM.Build.0 = Debug|Any CPU
		{B02D5F61-6222-4C4A-BD81-D0EB5CA16B6E}.Debug|ARM64.ActiveCfg = Debug|Any CPU
		{B02D5F61-6222-4C4A-BD81-D0EB5CA16B6E}.Debug|ARM64.Build.0 = Debug|Any CPU
		{B02D5F61-6222-4C4A-BD81-D0EB5CA16B6E}.Debug|x64.ActiveCfg = Debug|Any CPU
		{B02D5F61-6222-4C4A-BD81-D0EB5CA16B6E}.Debug|x64.Build.0 = Debug|Any CPU
		{B02D5F61-6222-4C4A-BD81-D0EB5CA16B6E}.Debug|x86.ActiveCfg = Debug|Any CPU
		{B02D5F61-6222-4C4A-BD81-D0EB5CA16B6E}.Debug|x86.Build.0 = Debug|Any CPU
		{B02D5F61-6222-4C4A-BD81-D0EB5CA16B6E}.Release|Any CPU.ActiveCfg = Release|Any CPU
		{B02D5F61-6222-4C4A-BD81-D0EB5CA16B6E}.Release|Any CPU.Build.0 = Release|Any CPU
		{B02D5F61-6222-4C4A-BD81-D0EB5CA16B6E}.Release|ARM.ActiveCfg = Release|Any CPU
		{B02D5F61-6222-4C4A-BD81-D0EB5CA16B6E}.Release|ARM.Build.0 = Release|Any CPU
		{B02D5F61-6222-4C4A-BD81-D0EB5CA16B6E}.Release|ARM64.ActiveCfg = Release|Any CPU
		{B02D5F61-6222-4C4A-BD81-D0EB5CA16B6E}.Release|ARM64.Build.0 = Release|Any CPU
		{B02D5F61-6222-4C4A-BD81-D0EB5CA16B6E}.Release|x64.ActiveCfg = Release|Any CPU
		{B02D5F61-6222-4C4A-BD81-D0EB5CA16B6E}.Release|x64.Build.0 = Release|Any CPU
		{B02D5F61-6222-4C4A-BD81-D0EB5CA16B6E}.Release|x86.ActiveCfg = Release|Any CPU
		{B02D5F61-6222-4C4A-BD81-D0EB5CA16B6E}.Release|x86.Build.0 = Release|Any CPU
	EndGlobalSection
	GlobalSection(SolutionProperties) = preSolution
		HideSolutionNode = FALSE
	EndGlobalSection
	GlobalSection(NestedProjects) = preSolution
		{B02D5F61-6222-4C4A-BD81-D0EB5CA16B6E} = {4CA48F50-DAFE-4942-B715-3E30F72B5548}
	EndGlobalSection
	GlobalSection(ExtensibilityGlobals) = postSolution
		SolutionGuid = {0AA9FE86-3055-4F22-9B14-9F202540FEF2}
	EndGlobalSection
EndGlobal
